
Microsoft Visual Studio Solution File, Format Version 12.00
# Visual Studio Version 16
VisualStudioVersion = 16.0.29102.190
MinimumVisualStudioVersion = 10.0.40219.1
Project("{9A19103F-16F7-4668-BE54-9A1E7A4F7556}") = "ADONET", "BootCamp2020_ADONET\ADONET.csproj", "{198E1482-C1DD-4EC7-905F-41D9E838DA05}"
EndProject
Global
	GlobalSection(SolutionConfigurationPlatforms) = preSolution
		Debug|Any CPU = Debug|Any CPU
		Release|Any CPU = Release|Any CPU
	EndGlobalSection
	GlobalSection(ProjectConfigurationPlatforms) = postSolution
		{198E1482-C1DD-4EC7-905F-41D9E838DA05}.Debug|Any CPU.ActiveCfg = Debug|Any CPU
		{198E1482-C1DD-4EC7-905F-41D9E838DA05}.Debug|Any CPU.Build.0 = Debug|Any CPU
		{198E1482-C1DD-4EC7-905F-41D9E838DA05}.Release|Any CPU.ActiveCfg = Release|Any CPU
		{198E1482-C1DD-4EC7-905F-41D9E838DA05}.Release|Any CPU.Build.0 = Release|Any CPU
	EndGlobalSection
	GlobalSection(SolutionProperties) = preSolution
		HideSolutionNode = FALSE
	EndGlobalSection
	GlobalSection(ExtensibilityGlobals) = postSolution
		SolutionGuid = {93509C89-3C7F-443B-9DD8-A8E7C01A40FC}
	EndGlobalSection
EndGlobal
